PODS:
  - AWSCognito (2.8.1):
    - AWSCore (= 2.8.1)
  - AWSCognitoIdentityProvider (2.8.1):
    - AWSCognitoIdentityProviderASF (= 1.0.1)
    - AWSCore (= 2.8.1)
  - AWSCognitoIdentityProviderASF (1.0.1)
  - AWSCore (2.8.1)
  - AWSDynamoDB (2.8.1):
    - AWSCore (= 2.8.1)
  - AWSIoT (2.8.1):
    - AWSCore (= 2.8.1)
  - ReachabilitySwift (4.3.0)
  - SwiftSocket (2.0.2)

DEPENDENCIES:
  - AWSCognito (~> 2.8.0)
  - AWSCognitoIdentityProvider (~> 2.8.0)
  - AWSCore (~> 2.8.0)
  - AWSDynamoDB (~> 2.8.0)
  - AWSIoT (~> 2.8.0)
  - ReachabilitySwift
  - SwiftSocket

SPEC REPOS:
  https://github.com/cocoapods/specs.git:
    - AWSCognito
    - AWSCognitoIdentityProvider
    - AWSCognitoIdentityProviderASF
    - AWSCore
    - AWSDynamoDB
    - AWSIoT
    - ReachabilitySwift
    - SwiftSocket

SPEC CHECKSUMS:
  AWSCognito: 44c70d8900bdc845eefe040134b25666ef9e0056
  AWSCognitoIdentityProvider: 31885b28f77955ed30b29b57bc658f170bdc44da
  AWSCognitoIdentityProviderASF: f94f1a502e72ef3d0a1de93e10bf7a79c8698118
  AWSCore: f17db38a5f8bceb217a19d58d8755bbb6f5ddb3c
  AWSDynamoDB: ce0781d606d21bc1cdfc918d3234d07cfae32979
  AWSIoT: 34eb715e991a1170f9ec273fc94b672b436086b7
  ReachabilitySwift: 408477d1b6ed9779dba301953171e017c31241f3
  SwiftSocket: 6f4c9c63fbc5c1d61188936bb3c599fd546f40ae

PODFILE CHECKSUM: c2ad21e6d7e9b907d0bcb9cdd1264f5678b288ca

COCOAPODS: 1.5.3
